
Microsoft Visual Studio Solution File, Format Version 12.00
# Visual Studio Version 17
VisualStudioVersion = 17.4.33213.308
MinimumVisualStudioVersion = 10.0.40219.1
Project("{FAE04EC0-301F-11D3-BF4B-00C04F79EFBC}") = "DeliveryForecast", "DeliveryForecast\DeliveryForecast.csproj", "{FBEECBDD-BBE7-4239-BFEA-6FA137B8AC65}"
EndProject
Global
	GlobalSection(SolutionConfigurationPlatforms) = preSolution
		Debug|Any CPU = Debug|Any CPU
		Release|Any CPU = Release|Any CPU
	EndGlobalSection
	GlobalSection(ProjectConfigurationPlatforms) = postSolution
		{FBEECBDD-BBE7-4239-BFEA-6FA137B8AC65}.Debug|Any CPU.ActiveCfg = Debug|Any CPU
		{FBEECBDD-BBE7-4239-BFEA-6FA137B8AC65}.Debug|Any CPU.Build.0 = Debug|Any CPU
		{FBEECBDD-BBE7-4239-BFEA-6FA137B8AC65}.Release|Any CPU.ActiveCfg = Release|Any CPU
		{FBEECBDD-BBE7-4239-BFEA-6FA137B8AC65}.Release|Any CPU.Build.0 = Release|Any CPU
	EndGlobalSection
	GlobalSection(SolutionProperties) = preSolution
		HideSolutionNode = FALSE
	EndGlobalSection
	GlobalSection(ExtensibilityGlobals) = postSolution
		SolutionGuid = {E9C50C29-E835-40E6-8A53-24BA199CA9AF}
	EndGlobalSection
EndGlobal
